
Microsoft Visual Studio Solution File, Format Version 12.00
# Visual Studio 14
VisualStudioVersion = 14.0.25420.1
MinimumVisualStudioVersion = 10.0.40219.1
Project("{2150E333-8FDC-42A3-9474-1A3956D46DE8}") = "Business", "Business", "{D425B861-4A85-46AD-9754-09C9F1D22230}"
EndProject
Project("{2150E333-8FDC-42A3-9474-1A3956D46DE8}") = "Data", "Data", "{E887793C-8D2C-4B95-A1B7-ACC4840891DD}"
EndProject
Project("{2150E333-8FDC-42A3-9474-1A3956D46DE8}") = "Shared", "Shared", "{7C4335B5-E2A3-4DC6-A121-F28C5FC329E4}"
EndProject
Project("{FAE04EC0-301F-11D3-BF4B-00C04F79EFBC}") = "PosGreSql.WebAPI", "PosGreSql.WebAPI\PosGreSql.WebAPI.csproj", "{743C74A4-895E-43E3-B96A-CECE9B5A54EF}"
EndProject
Project("{FAE04EC0-301F-11D3-BF4B-00C04F79EFBC}") = "PostGreSql.Service", "PostGreSql.Service\PostGreSql.Service.csproj", "{8B17BA76-7795-4629-9369-A85F04713D35}"
EndProject
Project("{FAE04EC0-301F-11D3-BF4B-00C04F79EFBC}") = "PostGreSql.Data", "PostGreSql.Data\PostGreSql.Data.csproj", "{759D37C5-780E-4330-BE1A-6D4FB6CF8927}"
EndProject
Project("{FAE04EC0-301F-11D3-BF4B-00C04F79EFBC}") = "PostGreSql.Model", "PostGreSql.Model\PostGreSql.Model.csproj", "{063F49E5-7A84-4BFF-AB11-E401EEC1AF4C}"
EndProject
Project("{FAE04EC0-301F-11D3-BF4B-00C04F79EFBC}") = "PostGreSql.Common", "PostGreSql.Common\PostGreSql.Common.csproj", "{D4BAA228-5ECA-4218-A3E3-53D5D9295CC6}"
EndProject
Project("{FAE04EC0-301F-11D3-BF4B-00C04F79EFBC}") = "PostGreSql.UnitTest", "PostGreSql.UnitTest\PostGreSql.UnitTest.csproj", "{39E83AC2-05ED-454A-BBFD-CF48B13980E1}"
EndProject
Global
	GlobalSection(SolutionConfigurationPlatforms) = preSolution
		Debug|Any CPU = Debug|Any CPU
		Release|Any CPU = Release|Any CPU
	EndGlobalSection
	GlobalSection(ProjectConfigurationPlatforms) = postSolution
		{743C74A4-895E-43E3-B96A-CECE9B5A54EF}.Debug|Any CPU.ActiveCfg = Debug|Any CPU
		{743C74A4-895E-43E3-B96A-CECE9B5A54EF}.Debug|Any CPU.Build.0 = Debug|Any CPU
		{743C74A4-895E-43E3-B96A-CECE9B5A54EF}.Release|Any CPU.ActiveCfg = Release|Any CPU
		{743C74A4-895E-43E3-B96A-CECE9B5A54EF}.Release|Any CPU.Build.0 = Release|Any CPU
		{8B17BA76-7795-4629-9369-A85F04713D35}.Debug|Any CPU.ActiveCfg = Debug|Any CPU
		{8B17BA76-7795-4629-9369-A85F04713D35}.Debug|Any CPU.Build.0 = Debug|Any CPU
		{8B17BA76-7795-4629-9369-A85F04713D35}.Release|Any CPU.ActiveCfg = Release|Any CPU
		{8B17BA76-7795-4629-9369-A85F04713D35}.Release|Any CPU.Build.0 = Release|Any CPU
		{759D37C5-780E-4330-BE1A-6D4FB6CF8927}.Debug|Any CPU.ActiveCfg = Debug|Any CPU
		{759D37C5-780E-4330-BE1A-6D4FB6CF8927}.Debug|Any CPU.Build.0 = Debug|Any CPU
		{759D37C5-780E-4330-BE1A-6D4FB6CF8927}.Release|Any CPU.ActiveCfg = Release|Any CPU
		{759D37C5-780E-4330-BE1A-6D4FB6CF8927}.Release|Any CPU.Build.0 = Release|Any CPU
		{063F49E5-7A84-4BFF-AB11-E401EEC1AF4C}.Debug|Any CPU.ActiveCfg = Debug|Any CPU
		{063F49E5-7A84-4BFF-AB11-E401EEC1AF4C}.Debug|Any CPU.Build.0 = Debug|Any CPU
		{063F49E5-7A84-4BFF-AB11-E401EEC1AF4C}.Release|Any CPU.ActiveCfg = Release|Any CPU
		{063F49E5-7A84-4BFF-AB11-E401EEC1AF4C}.Release|Any CPU.Build.0 = Release|Any CPU
		{D4BAA228-5ECA-4218-A3E3-53D5D9295CC6}.Debug|Any CPU.ActiveCfg = Debug|Any CPU
		{D4BAA228-5ECA-4218-A3E3-53D5D9295CC6}.Debug|Any CPU.Build.0 = Debug|Any CPU
		{D4BAA228-5ECA-4218-A3E3-53D5D9295CC6}.Release|Any CPU.ActiveCfg = Release|Any CPU
		{D4BAA228-5ECA-4218-A3E3-53D5D9295CC6}.Release|Any CPU.Build.0 = Release|Any CPU
		{39E83AC2-05ED-454A-BBFD-CF48B13980E1}.Debug|Any CPU.ActiveCfg = Debug|Any CPU
		{39E83AC2-05ED-454A-BBFD-CF48B13980E1}.Debug|Any CPU.Build.0 = Debug|Any CPU
		{39E83AC2-05ED-454A-BBFD-CF48B13980E1}.Release|Any CPU.ActiveCfg = Release|Any CPU
		{39E83AC2-05ED-454A-BBFD-CF48B13980E1}.Release|Any CPU.Build.0 = Release|Any CPU
	EndGlobalSection
	GlobalSection(SolutionProperties) = preSolution
		HideSolutionNode = FALSE
	EndGlobalSection
	GlobalSection(NestedProjects) = preSolution
		{8B17BA76-7795-4629-9369-A85F04713D35} = {D425B861-4A85-46AD-9754-09C9F1D22230}
		{759D37C5-780E-4330-BE1A-6D4FB6CF8927} = {E887793C-8D2C-4B95-A1B7-ACC4840891DD}
		{063F49E5-7A84-4BFF-AB11-E401EEC1AF4C} = {E887793C-8D2C-4B95-A1B7-ACC4840891DD}
		{D4BAA228-5ECA-4218-A3E3-53D5D9295CC6} = {7C4335B5-E2A3-4DC6-A121-F28C5FC329E4}
		{39E83AC2-05ED-454A-BBFD-CF48B13980E1} = {7C4335B5-E2A3-4DC6-A121-F28C5FC329E4}
	EndGlobalSection
EndGlobal
